
Microsoft Visual Studio Solution File, Format Version 12.00
# Visual Studio 15
VisualStudioVersion = 15.0.28307.438
MinimumVisualStudioVersion = 10.0.40219.1
Project("{2150E333-8FDC-42A3-9474-1A3956D46DE8}") = "Ders1", "Ders1", "{6C6FD6BE-B714-41A8-99AF-AE69CE23B078}"
EndProject
Project("{9A19103F-16F7-4668-BE54-9A1E7A4F7556}") = "CoreGiris", "CoreGiris\CoreGiris.csproj", "{0ECA4270-FB07-4E33-93AA-7DEC163E7D73}"
EndProject
Project("{2150E333-8FDC-42A3-9474-1A3956D46DE8}") = "Ders2", "Ders2", "{9906F4A9-FAEB-4A6E-88ED-F516A0F2536B}"
EndProject
Project("{9A19103F-16F7-4668-BE54-9A1E7A4F7556}") = "CoreIdentity", "CoreIdentity\CoreIdentity.csproj", "{C91E5A2B-7B9C-47C5-9513-B9F1590EE1DE}"
EndProject
Project("{2150E333-8FDC-42A3-9474-1A3956D46DE8}") = "Ders3", "Ders3", "{CD4179D3-26A3-4266-8C69-89991A4CD31F}"
EndProject
Project("{FAE04EC0-301F-11D3-BF4B-00C04F79EFBC}") = "Kuzey.UI.Web", "Kuzey.UI.Web\Kuzey.UI.Web.csproj", "{5711B467-DB9E-401B-B233-778ADDD017A1}"
EndProject
Project("{FAE04EC0-301F-11D3-BF4B-00C04F79EFBC}") = "Kuzey.Models", "Kuzey.Models\Kuzey.Models.csproj", "{370461D8-962B-43DB-9BB7-849816B3C35C}"
EndProject
Project("{FAE04EC0-301F-11D3-BF4B-00C04F79EFBC}") = "Kuzey.DAL", "Kuzey.DAL\Kuzey.DAL.csproj", "{FDD74268-FE7E-43FE-9447-FEC60E08F340}"
EndProject
Project("{FAE04EC0-301F-11D3-BF4B-00C04F79EFBC}") = "Kuzey.BLL", "Kuzey.BLL\Kuzey.BLL.csproj", "{4FB57025-132B-4977-B506-F2C099A6EA2D}"
EndProject
Global
	GlobalSection(SolutionConfigurationPlatforms) = preSolution
		Debug|Any CPU = Debug|Any CPU
		Release|Any CPU = Release|Any CPU
	EndGlobalSection
	GlobalSection(ProjectConfigurationPlatforms) = postSolution
		{0ECA4270-FB07-4E33-93AA-7DEC163E7D73}.Debug|Any CPU.ActiveCfg = Debug|Any CPU
		{0ECA4270-FB07-4E33-93AA-7DEC163E7D73}.Debug|Any CPU.Build.0 = Debug|Any CPU
		{0ECA4270-FB07-4E33-93AA-7DEC163E7D73}.Release|Any CPU.ActiveCfg = Release|Any CPU
		{0ECA4270-FB07-4E33-93AA-7DEC163E7D73}.Release|Any CPU.Build.0 = Release|Any CPU
		{C91E5A2B-7B9C-47C5-9513-B9F1590EE1DE}.Debug|Any CPU.ActiveCfg = Debug|Any CPU
		{C91E5A2B-7B9C-47C5-9513-B9F1590EE1DE}.Debug|Any CPU.Build.0 = Debug|Any CPU
		{C91E5A2B-7B9C-47C5-9513-B9F1590EE1DE}.Release|Any CPU.ActiveCfg = Release|Any CPU
		{C91E5A2B-7B9C-47C5-9513-B9F1590EE1DE}.Release|Any CPU.Build.0 = Release|Any CPU
		{5711B467-DB9E-401B-B233-778ADDD017A1}.Debug|Any CPU.ActiveCfg = Debug|Any CPU
		{5711B467-DB9E-401B-B233-778ADDD017A1}.Debug|Any CPU.Build.0 = Debug|Any CPU
		{5711B467-DB9E-401B-B233-778ADDD017A1}.Release|Any CPU.ActiveCfg = Release|Any CPU
		{5711B467-DB9E-401B-B233-778ADDD017A1}.Release|Any CPU.Build.0 = Release|Any CPU
		{370461D8-962B-43DB-9BB7-849816B3C35C}.Debug|Any CPU.ActiveCfg = Debug|Any CPU
		{370461D8-962B-43DB-9BB7-849816B3C35C}.Debug|Any CPU.Build.0 = Debug|Any CPU
		{370461D8-962B-43DB-9BB7-849816B3C35C}.Release|Any CPU.ActiveCfg = Release|Any CPU
		{370461D8-962B-43DB-9BB7-849816B3C35C}.Release|Any CPU.Build.0 = Release|Any CPU
		{FDD74268-FE7E-43FE-9447-FEC60E08F340}.Debug|Any CPU.ActiveCfg = Debug|Any CPU
		{FDD74268-FE7E-43FE-9447-FEC60E08F340}.Debug|Any CPU.Build.0 = Debug|Any CPU
		{FDD74268-FE7E-43FE-9447-FEC60E08F340}.Release|Any CPU.ActiveCfg = Release|Any CPU
		{FDD74268-FE7E-43FE-9447-FEC60E08F340}.Release|Any CPU.Build.0 = Release|Any CPU
		{4FB57025-132B-4977-B506-F2C099A6EA2D}.Debug|Any CPU.ActiveCfg = Debug|Any CPU
		{4FB57025-132B-4977-B506-F2C099A6EA2D}.Debug|Any CPU.Build.0 = Debug|Any CPU
		{4FB57025-132B-4977-B506-F2C099A6EA2D}.Release|Any CPU.ActiveCfg = Release|Any CPU
		{4FB57025-132B-4977-B506-F2C099A6EA2D}.Release|Any CPU.Build.0 = Release|Any CPU
	EndGlobalSection
	GlobalSection(SolutionProperties) = preSolution
		HideSolutionNode = FALSE
	EndGlobalSection
	GlobalSection(NestedProjects) = preSolution
		{0ECA4270-FB07-4E33-93AA-7DEC163E7D73} = {6C6FD6BE-B714-41A8-99AF-AE69CE23B078}
		{C91E5A2B-7B9C-47C5-9513-B9F1590EE1DE} = {9906F4A9-FAEB-4A6E-88ED-F516A0F2536B}
		{5711B467-DB9E-401B-B233-778ADDD017A1} = {CD4179D3-26A3-4266-8C69-89991A4CD31F}
		{370461D8-962B-43DB-9BB7-849816B3C35C} = {CD4179D3-26A3-4266-8C69-89991A4CD31F}
		{FDD74268-FE7E-43FE-9447-FEC60E08F340} = {CD4179D3-26A3-4266-8C69-89991A4CD31F}
		{4FB57025-132B-4977-B506-F2C099A6EA2D} = {CD4179D3-26A3-4266-8C69-89991A4CD31F}
	EndGlobalSection
	GlobalSection(ExtensibilityGlobals) = postSolution
		SolutionGuid = {B0288375-F407-45C8-870B-EBAF9CD508ED}
	EndGlobalSection
EndGlobal
